
Microsoft Visual Studio Solution File, Format Version 12.00
# Visual Studio Version 16
VisualStudioVersion = 16.0.31313.79
MinimumVisualStudioVersion = 10.0.40219.1
Project("{FAE04EC0-301F-11D3-BF4B-00C04F79EFBC}") = "TP5", "TP5\TP5.csproj", "{573631C4-6B18-41C1-893C-1B331C2B63C9}"
EndProject
Global
	GlobalSection(SolutionConfigurationPlatforms) = preSolution
		Debug|Any CPU = Debug|Any CPU
		Release|Any CPU = Release|Any CPU
	EndGlobalSection
	GlobalSection(ProjectConfigurationPlatforms) = postSolution
		{573631C4-6B18-41C1-893C-1B331C2B63C9}.Debug|Any CPU.ActiveCfg = Debug|Any CPU
		{573631C4-6B18-41C1-893C-1B331C2B63C9}.Debug|Any CPU.Build.0 = Debug|Any CPU
		{573631C4-6B18-41C1-893C-1B331C2B63C9}.Release|Any CPU.ActiveCfg = Release|Any CPU
		{573631C4-6B18-41C1-893C-1B331C2B63C9}.Release|Any CPU.Build.0 = Release|Any CPU
	EndGlobalSection
	GlobalSection(SolutionProperties) = preSolution
		HideSolutionNode = FALSE
	EndGlobalSection
	GlobalSection(ExtensibilityGlobals) = postSolution
		SolutionGuid = {8D9C998E-5BDC-430D-8E5F-F9E27BB014C4}
	EndGlobalSection
EndGlobal
